// !$*UTF8*$!
{
	archiveVersion = 1;
	classes = {
	};
	objectVersion = 46;
	objects = {

/* Begin PBXBuildFile section */
		D4DDEA7D20C3A241007C8F0F /* AppDelegate.swift in Sources */ = {isa = PBXBuildFile; fileRef = D4DDEA7C20C3A241007C8F0F /* AppDelegate.swift */; };
		D4DDEA7F20C3A241007C8F0F /* ViewController.swift in Sources */ = {isa = PBXBuildFile; fileRef = D4DDEA7E20C3A241007C8F0F /* ViewController.swift */; };
		D4DDEA8220C3A241007C8F0F /* Main.storyboard in Resources */ = {isa = PBXBuildFile; fileRef = D4DDEA8020C3A241007C8F0F /* Main.storyboard */; };
		D4DDEA8420C3A241007C8F0F /* Assets.xcassets in Resources */ = {isa = PBXBuildFile; fileRef = D4DDEA8320C3A241007C8F0F /* Assets.xcassets */; };
		D4DDEA8720C3A241007C8F0F /* LaunchScreen.storyboard in Resources */ = {isa = PBXBuildFile; fileRef = D4DDEA8520C3A241007C8F0F /* LaunchScreen.storyboard */; };
		D4DDEA8F20C3A250007C8F0F /* Podfile in Resources */ = {isa = PBXBuildFile; fileRef = D4DDEA8E20C3A250007C8F0F /* Podfile */; };
		D4DDEA9120C3AA52007C8F0F /* GoogleService-Info.plist in Resources */ = {isa = PBXBuildFile; fileRef = D4DDEA9020C3AA52007C8F0F /* GoogleService-Info.plist */; };
/* End PBXBuildFile section */

/* Begin PBXFileReference section */
		D4DDEA7920C3A241007C8F0F /* Find&Dine.app */ = {isa = PBXFileReference; explicitFileType = wrapper.application; includeInIndex = 0; path = "Find&Dine.app"; sourceTree = BUILT_PRODUCTS_DIR; };
		D4DDEA7C20C3A241007C8F0F /* AppDelegate.swift */ = {isa = PBXFileReference; lastKnownFileType = sourcecode.swift; path = AppDelegate.swift; sourceTree = "<group>"; };
		D4DDEA7E20C3A241007C8F0F /* ViewController.swift */ = {isa = PBXFileReference; lastKnownFileType = sourcecode.swift; path = ViewController.swift; sourceTree = "<group>"; };
		D4DDEA8120C3A241007C8F0F /* Base */ = {isa = PBXFileReference; lastKnownFileType = file.storyboard; name = Base; path = Base.lproj/Main.storyboard; sourceTree = "<group>"; };
		D4DDEA8320C3A241007C8F0F /* Assets.xcassets */ = {isa = PBXFileReference; lastKnownFileType = folder.assetcatalog; path = Assets.xcassets; sourceTree = "<group>"; };
		D4DDEA8620C3A241007C8F0F /* Base */ = {isa = PBXFileReference; lastKnownFileType = file.storyboard; name = Base; path = Base.lproj/LaunchScreen.storyboard; sourceTree = "<group>"; };
		D4DDEA8820C3A241007C8F0F /* Info.plist */ = {isa = PBXFileReference; lastKnownFileType = text.plist.xml; path = Info.plist; sourceTree = "<group>"; };
		D4DDEA8E20C3A250007C8F0F /* Podfile */ = {isa = PBXFileReference; fileEncoding = 4; lastKnownFileType = text; path = Podfile; sourceTree = "<group>"; };
		D4DDEA9020C3AA52007C8F0F /* GoogleService-Info.plist */ = {isa = PBXFileReference; fileEncoding = 4; lastKnownFileType = text.plist.xml; name = "GoogleService-Info.plist"; path = "../../../../../../../Downloads/GoogleService-Info.plist"; sourceTree = "<group>"; };
/* End PBXFileReference section */

/* Begin PBXFrameworksBuildPhase section */
		D4DDEA7620C3A241007C8F0F /* Frameworks */ = {
			isa = PBXFrameworksBuildPhase;
			buildActionMask = 2147483647;
			files = (
			);
			runOnlyForDeploymentPostprocessing = 0;
		};
/* End PBXFrameworksBuildPhase section */

/* Begin PBXGroup section */
		D4DDEA7020C3A241007C8F0F = {
			isa = PBXGroup;
			children = (
				D4DDEA7B20C3A241007C8F0F /* Find&Dine */,
				D4DDEA7A20C3A241007C8F0F /* Products */,
			);
			sourceTree = "<group>";
		};
		D4DDEA7A20C3A241007C8F0F /* Products */ = {
			isa = PBXGroup;
			children = (
				D4DDEA7920C3A241007C8F0F /* Find&Dine.app */,
			);
			name = Products;
			sourceTree = "<group>";
		};
		D4DDEA7B20C3A241007C8F0F /* Find&Dine */ = {
			isa = PBXGroup;
			children = (
				D4DDEA7C20C3A241007C8F0F /* AppDelegate.swift */,
				D4DDEA7E20C3A241007C8F0F /* ViewController.swift */,
				D4DDEA8020C3A241007C8F0F /* Main.storyboard */,
				D4DDEA8320C3A241007C8F0F /* Assets.xcassets */,
				D4DDEA8520C3A241007C8F0F /* LaunchScreen.storyboard */,
				D4DDEA9020C3AA52007C8F0F /* GoogleService-Info.plist */,
				D4DDEA8820C3A241007C8F0F /* Info.plist */,
				D4DDEA8E20C3A250007C8F0F /* Podfile */,
			);
			path = "Find&Dine";
			sourceTree = "<group>";
		};
/* End PBXGroup section */

/* Begin PBXNativeTarget section */
		D4DDEA7820C3A241007C8F0F /* Find&Dine */ = {
			isa = PBXNativeTarget;
			buildConfigurationList = D4DDEA8B20C3A241007C8F0F /* Build configuration list for PBXNativeTarget "Find&Dine" */;
			buildPhases = (
				D4DDEA7520C3A241007C8F0F /* Sources */,
				D4DDEA7620C3A241007C8F0F /* Frameworks */,
				D4DDEA7720C3A241007C8F0F /* Resources */,
			);
			buildRules = (
			);
			dependencies = (
			);
			name = "Find&Dine";
			productName = "Find&Dine";
			productReference = D4DDEA7920C3A241007C8F0F /* Find&Dine.app */;
			productType = "com.apple.product-type.application";
		};
/* End PBXNativeTarget section */

/* Begin PBXProject section */
		D4DDEA7120C3A241007C8F0F /* Project object */ = {
			isa = PBXProject;
			attributes = {
				LastSwiftUpdateCheck = 0820;
				LastUpgradeCheck = 0820;
				ORGANIZATIONNAME = "Wentworth Senior Project";
				TargetAttributes = {
					D4DDEA7820C3A241007C8F0F = {
						CreatedOnToolsVersion = 8.2.1;
						DevelopmentTeam = XQ75K8MK4B;
						ProvisioningStyle = Automatic;
					};
				};
			};
			buildConfigurationList = D4DDEA7420C3A241007C8F0F /* Build configuration list for PBXProject "Find&Dine" */;
			compatibilityVersion = "Xcode 3.2";
			developmentRegion = English;
			hasScannedForEncodings = 0;
			knownRegions = (
				en,
				Base,
			);
			mainGroup = D4DDEA7020C3A241007C8F0F;
			productRefGroup = D4DDEA7A20C3A241007C8F0F /* Products */;
			projectDirPath = "";
			projectRoot = "";
			targets = (
				D4DDEA7820C3A241007C8F0F /* Find&Dine */,
			);
		};
/* End PBXProject section */

/* Begin PBXResourcesBuildPhase section */
		D4DDEA7720C3A241007C8F0F /* Resources */ = {
			isa = PBXResourcesBuildPhase;
			buildActionMask = 2147483647;
			files = (
				D4DDEA8720C3A241007C8F0F /* LaunchScreen.storyboard in Resources */,
				D4DDEA8420C3A241007C8F0F /* Assets.xcassets in Resources */,
				D4DDEA9120C3AA52007C8F0F /* GoogleService-Info.plist in Resources */,
				D4DDEA8F20C3A250007C8F0F /* Podfile in Resources */,
				D4DDEA8220C3A241007C8F0F /* Main.storyboard in Resources */,
			);
			runOnlyForDeploymentPostprocessing = 0;
		};
/* End PBXResourcesBuildPhase section */

/* Begin PBXSourcesBuildPhase section */
		D4DDEA7520C3A241007C8F0F /* Sources */ = {
			isa = PBXSourcesBuildPhase;
			buildActionMask = 2147483647;
			files = (
				D4DDEA7F20C3A241007C8F0F /* ViewController.swift in Sources */,
				D4DDEA7D20C3A241007C8F0F /* AppDelegate.swift in Sources */,
			);
			runOnlyForDeploymentPostprocessing = 0;
		};
/* End PBXSourcesBuildPhase section */

/* Begin PBXVariantGroup section */
		D4DDEA8020C3A241007C8F0F /* Main.storyboard */ = {
			isa = PBXVariantGroup;
			children = (
				D4DDEA8120C3A241007C8F0F /* Base */,
			);
			name = Main.storyboard;
			sourceTree = "<group>";
		};
		D4DDEA8520C3A241007C8F0F /* LaunchScreen.storyboard */ = {
			isa = PBXVariantGroup;
			children = (
				D4DDEA8620C3A241007C8F0F /* Base */,
			);
			name = LaunchScreen.storyboard;
			sourceTree = "<group>";
		};
/* End PBXVariantGroup section */

/* Begin XCBuildConfiguration section */
		D4DDEA8920C3A241007C8F0F /* Debug */ = {
			isa = XCBuildConfiguration;
			buildSettings = {
				ALWAYS_SEARCH_USER_PATHS = NO;
				CLANG_ANALYZER_NONNULL = YES;
				CLANG_CXX_LANGUAGE_STANDARD = "gnu++0x";
				CLANG_CXX_LIBRARY = "libc++";
				CLANG_ENABLE_MODULES = YES;
				CLANG_ENABLE_OBJC_ARC = YES;
				CLANG_WARN_BOOL_CONVERSION = YES;
				CLANG_WARN_CONSTANT_CONVERSION = YES;
				CLANG_WARN_DIRECT_OBJC_ISA_USAGE = YES_ERROR;
				CLANG_WARN_DOCUMENTATION_COMMENTS = YES;
				CLANG_WARN_EMPTY_BODY = YES;
				CLANG_WARN_ENUM_CONVERSION = YES;
				CLANG_WARN_INFINITE_RECURSION = YES;
				CLANG_WARN_INT_CONVERSION = YES;
				CLANG_WARN_OBJC_ROOT_CLASS = YES_ERROR;
				CLANG_WARN_SUSPICIOUS_MOVE = YES;
				CLANG_WARN_UNREACHABLE_CODE = YES;
				CLANG_WARN__DUPLICATE_METHOD_MATCH = YES;
				"CODE_SIGN_IDENTITY[sdk=iphoneos*]" = "iPhone Developer";
				COPY_PHASE_STRIP = NO;
				DEBUG_INFORMATION_FORMAT = dwarf;
				ENABLE_STRICT_OBJC_MSGSEND = YES;
				ENABLE_TESTABILITY = YES;
				GCC_C_LANGUAGE_STANDARD = gnu99;
				GCC_DYNAMIC_NO_PIC = NO;
				GCC_NO_COMMON_BLOCKS = YES;
				GCC_OPTIMIZATION_LEVEL = 0;
				GCC_PREPROCESSOR_DEFINITIONS = (
					"DEBUG=1",
					"$(inherited)",
				);
				GCC_WARN_64_TO_32_BIT_CONVERSION = YES;
				GCC_WARN_ABOUT_RETURN_TYPE = YES_ERROR;
				GCC_WARN_UNDECLARED_SELECTOR = YES;
				GCC_WARN_UNINITIALIZED_AUTOS = YES_AGGRESSIVE;
				GCC_WARN_UNUSED_FUNCTION = YES;
				GCC_WARN_UNUSED_VARIABLE = YES;
				IPHONEOS_DEPLOYMENT_TARGET = 10.2;
				MTL_ENABLE_DEBUG_INFO = YES;
				ONLY_ACTIVE_ARCH = YES;
				SDKROOT = iphoneos;
				SWIFT_ACTIVE_COMPILATION_CONDITIONS = DEBUG;
				SWIFT_OPTIMIZATION_LEVEL = "-Onone";
				TARGETED_DEVICE_FAMILY = "1,2";
			};
			name = Debug;
		};
		D4DDEA8A20C3A241007C8F0F /* Release */ = {
			isa = XCBuildConfiguration;
			buildSettings = {
				ALWAYS_SEARCH_USER_PATHS = NO;
				CLANG_ANALYZER_NONNULL = YES;
				CLANG_CXX_LANGUAGE_STANDARD = "gnu++0x";
				CLANG_CXX_LIBRARY = "libc++";
				CLANG_ENABLE_MODULES = YES;
				CLANG_ENABLE_OBJC_ARC = YES;
				CLANG_WARN_BOOL_CONVERSION = YES;
				CLANG_WARN_CONSTANT_CONVERSION = YES;
				CLANG_WARN_DIRECT_OBJC_ISA_USAGE = YES_ERROR;
				CLANG_WARN_DOCUMENTATION_COMMENTS = YES;
				CLANG_WARN_EMPTY_BODY = YES;
				CLANG_WARN_ENUM_CONVERSION = YES;
				CLANG_WARN_INFINITE_RECURSION = YES;
				CLANG_WARN_INT_CONVERSION = YES;
				CLANG_WARN_OBJC_ROOT_CLASS = YES_ERROR;
				CLANG_WARN_SUSPICIOUS_MOVE = YES;
				CLANG_WARN_UNREACHABLE_CODE = YES;
				CLANG_WARN__DUPLICATE_METHOD_MATCH = YES;
				"CODE_SIGN_IDENTITY[sdk=iphoneos*]" = "iPhone Developer";
				COPY_PHASE_STRIP = NO;
				DEBUG_INFORMATION_FORMAT = "dwarf-with-dsym";
				ENABLE_NS_ASSERTIONS = NO;
				ENABLE_STRICT_OBJC_MSGSEND = YES;
				GCC_C_LANGUAGE_STANDARD = gnu99;
				GCC_NO_COMMON_BLOCKS = YES;
				GCC_WARN_64_TO_32_BIT_CONVERSION = YES;
				GCC_WARN_ABOUT_RETURN_TYPE = YES_ERROR;
				GCC_WARN_UNDECLARED_SELECTOR = YES;
				GCC_WARN_UNINITIALIZED_AUTOS = YES_AGGRESSIVE;
				GCC_WARN_UNUSED_FUNCTION = YES;
				GCC_WARN_UNUSED_VARIABLE = YES;
				IPHONEOS_DEPLOYMENT_TARGET = 10.2;
				MTL_ENABLE_DEBUG_INFO = NO;
				SDKROOT = iphoneos;
				SWIFT_OPTIMIZATION_LEVEL = "-Owholemodule";
				TARGETED_DEVICE_FAMILY = "1,2";
				VALIDATE_PRODUCT = YES;
			};
			name = Release;
		};
		D4DDEA8C20C3A241007C8F0F /* Debug */ = {
			isa = XCBuildConfiguration;
			buildSettings = {
				ASSETCATALOG_COMPILER_APPICON_NAME = AppIcon;
				DEVELOPMENT_TEAM = XQ75K8MK4B;
				INFOPLIST_FILE = "Find&Dine/Info.plist";
				LD_RUNPATH_SEARCH_PATHS = "$(inherited) @executable_path/Frameworks";
				PRODUCT_BUNDLE_IDENTIFIER = "edu.wit.seniorproject.Find-Dine";
				PRODUCT_NAME = "$(TARGET_NAME)";
				SWIFT_VERSION = 3.0;
			};
			name = Debug;
		};
		D4DDEA8D20C3A241007C8F0F /* Release */ = {
			isa = XCBuildConfiguration;
			buildSettings = {
				ASSETCATALOG_COMPILER_APPICON_NAME = AppIcon;
				DEVELOPMENT_TEAM = XQ75K8MK4B;
				INFOPLIST_FILE = "Find&Dine/Info.plist";
				LD_RUNPATH_SEARCH_PATHS = "$(inherited) @executable_path/Frameworks";
				PRODUCT_BUNDLE_IDENTIFIER = "edu.wit.seniorproject.Find-Dine";
				PRODUCT_NAME = "$(TARGET_NAME)";
				SWIFT_VERSION = 3.0;
			};
			name = Release;
		};
/* End XCBuildConfiguration section */

/* Begin XCConfigurationList section */
		D4DDEA7420C3A241007C8F0F /* Build configuration list for PBXProject "Find&Dine" */ = {
			isa = XCConfigurationList;
			buildConfigurations = (
				D4DDEA8920C3A241007C8F0F /* Debug */,
				D4DDEA8A20C3A241007C8F0F /* Release */,
			);
			defaultConfigurationIsVisible = 0;
			defaultConfigurationName = Release;
		};
		D4DDEA8B20C3A241007C8F0F /* Build configuration list for PBXNativeTarget "Find&Dine" */ = {
			isa = XCConfigurationList;
			buildConfigurations = (
				D4DDEA8C20C3A241007C8F0F /* Debug */,
				D4DDEA8D20C3A241007C8F0F /* Release */,
			);
			defaultConfigurationIsVisible = 0;
			defaultConfigurationName = Release;
		};
/* End XCConfigurationList section */
	};
	rootObject = D4DDEA7120C3A241007C8F0F /* Project object */;
}
